<?xml version="1.0" encoding="UTF-8" standalone="yes" ?>
<CodeBlocks_project_file>
	<FileVersion major="1" minor="6" />
	<Project>
		<Option title="meuporg-server" />
		<Option pch_mode="2" />
		<Option compiler="gcc" />
		<Build>
			<Target title="Debug">
				<Option output="bin/Debug/meuporg-server" prefix_auto="1" extension_auto="1" />
				<Option object_output="obj/Debug/" />
				<Option type="1" />
				<Option compiler="gcc" />
				<Compiler>
					<Add option="-g" />
					<Add directory="source/Server" />
					<Add directory="source/InformationServer" />
					<Add directory="source/RandomNumberGenerator" />
					<Add directory="source/LoginServer" />
					<Add directory="source" />
					<Add directory="source/World" />
					<Add directory="source/MapLoader" />
					<Add directory="source/Database" />
				</Compiler>
				<Linker>
					<Add library="sfml-system-d" />
					<Add library="sfml-graphics-d" />
					<Add library="sfml-window-d" />
					<Add library="sfml-audio-d" />
					<Add library="sfml-network-d" />
				</Linker>
			</Target>
			<Target title="Release">
				<Option output="bin/Release/meuporg-server" prefix_auto="1" extension_auto="1" />
				<Option object_output="obj/Release/" />
				<Option type="1" />
				<Option compiler="gcc" />
				<Option use_console_runner="0" />
				<Compiler>
					<Add option="-O2" />
					<Add directory="source/Server" />
					<Add directory="source/InformationServer" />
					<Add directory="source/RandomNumberGenerator" />
					<Add directory="source/LoginServer" />
					<Add directory="source" />
					<Add directory="source/World" />
					<Add directory="source/MapLoader" />
					<Add directory="source/Database" />
				</Compiler>
				<Linker>
					<Add option="-s" />
					<Add library="sfml-graphics" />
					<Add library="sfml-window" />
					<Add library="sfml-system" />
					<Add library="sfml-audio" />
					<Add library="sfml-network" />
				</Linker>
			</Target>
		</Build>
		<Compiler>
			<Add option="-std=c++11" />
			<Add option="-Wall" />
			<Add directory="C:/Program Files (x86)/CodeBlocks/MinGW/include" />
			<Add directory="C:/MinGW/include" />
		</Compiler>
		<Linker>
			<Add library="mingw32" />
			<Add library="user32" />
			<Add library="gdi32" />
			<Add library="winmm" />
			<Add library="dxguid" />
			<Add library="glu32" />
			<Add library="opengl32" />
			<Add directory="C:/Program Files (x86)/CodeBlocks/MinGW/lib" />
			<Add directory="C:/MinGW/lib" />
		</Linker>
		<Unit filename="source/Accounts.hpp" />
		<Unit filename="source/ClientEntityEnums.hpp" />
		<Unit filename="source/Components/BasicStatsComponent.cpp" />
		<Unit filename="source/Components/BasicStatsComponent.hpp" />
		<Unit filename="source/Components/ClientLinkComponent.cpp" />
		<Unit filename="source/Components/ClientLinkComponent.hpp" />
		<Unit filename="source/Components/LevelStatsComponent.cpp" />
		<Unit filename="source/Components/LevelStatsComponent.hpp" />
		<Unit filename="source/Components/NameComponent.cpp" />
		<Unit filename="source/Components/NameComponent.hpp" />
		<Unit filename="source/Components/StaticMarkerComponent.cpp" />
		<Unit filename="source/Components/StaticMarkerComponent.hpp" />
		<Unit filename="source/Database/Database.cpp" />
		<Unit filename="source/Database/Database.hpp" />
		<Unit filename="source/Database/PlayerData.hpp" />
		<Unit filename="source/InformationServer/InformationServer.cpp" />
		<Unit filename="source/InformationServer/InformationServer.hpp" />
		<Unit filename="source/Kantan-2/Component/AABBHitboxComponent.cpp" />
		<Unit filename="source/Kantan-2/Component/AABBHitboxComponent.hpp" />
		<Unit filename="source/Kantan-2/Component/AnimationComponent.cpp" />
		<Unit filename="source/Kantan-2/Component/AnimationComponent.hpp" />
		<Unit filename="source/Kantan-2/Component/BatchedSpriteComponent.cpp" />
		<Unit filename="source/Kantan-2/Component/BatchedSpriteComponent.hpp" />
		<Unit filename="source/Kantan-2/Component/Component.cpp" />
		<Unit filename="source/Kantan-2/Component/Component.hpp" />
		<Unit filename="source/Kantan-2/Component/DeletionMarkerComponent.cpp" />
		<Unit filename="source/Kantan-2/Component/DeletionMarkerComponent.hpp" />
		<Unit filename="source/Kantan-2/Component/MovementComponent.cpp" />
		<Unit filename="source/Kantan-2/Component/MovementComponent.hpp" />
		<Unit filename="source/Kantan-2/Component/ParticleEffectComponent.cpp" />
		<Unit filename="source/Kantan-2/Component/ParticleEffectComponent.hpp" />
		<Unit filename="source/Kantan-2/Component/PolygonHitboxComponent.cpp" />
		<Unit filename="source/Kantan-2/Component/PolygonHitboxComponent.hpp" />
		<Unit filename="source/Kantan-2/Component/RectShapeComponent.cpp" />
		<Unit filename="source/Kantan-2/Component/RectShapeComponent.hpp" />
		<Unit filename="source/Kantan-2/Component/RotationComponent.cpp" />
		<Unit filename="source/Kantan-2/Component/RotationComponent.hpp" />
		<Unit filename="source/Kantan-2/Component/SpriteComponent.cpp" />
		<Unit filename="source/Kantan-2/Component/SpriteComponent.hpp" />
		<Unit filename="source/Kantan-2/Entity/Entity.cpp" />
		<Unit filename="source/Kantan-2/Entity/Entity.hpp" />
		<Unit filename="source/Kantan-2/Event/Event.cpp" />
		<Unit filename="source/Kantan-2/Event/Event.hpp" />
		<Unit filename="source/Kantan-2/GUI/GUIButtonPool.cpp" />
		<Unit filename="source/Kantan-2/GUI/GUIButtonPool.hpp" />
		<Unit filename="source/Kantan-2/GUI/GUIGraph.cpp" />
		<Unit filename="source/Kantan-2/GUI/GUIGraph.hpp" />
		<Unit filename="source/Kantan-2/GUI/GUITextInputPool.cpp" />
		<Unit filename="source/Kantan-2/GUI/GUITextInputPool.hpp" />
		<Unit filename="source/Kantan-2/Platform.hpp" />
		<Unit filename="source/Kantan-2/ResourceHolder/ResourceHolder.hpp" />
		<Unit filename="source/Kantan-2/ResourceHolder/ResourceHolder.inl" />
		<Unit filename="source/Kantan-2/System/AABBCollisionSystem.cpp" />
		<Unit filename="source/Kantan-2/System/AABBCollisionSystem.hpp" />
		<Unit filename="source/Kantan-2/System/AnimationSystem.cpp" />
		<Unit filename="source/Kantan-2/System/AnimationSystem.hpp" />
		<Unit filename="source/Kantan-2/System/BatchedSpriteRenderSystem.cpp" />
		<Unit filename="source/Kantan-2/System/BatchedSpriteRenderSystem.hpp" />
		<Unit filename="source/Kantan-2/System/ParticleEffectRenderSystem.cpp" />
		<Unit filename="source/Kantan-2/System/ParticleEffectRenderSystem.hpp" />
		<Unit filename="source/Kantan-2/System/ParticleEffectUpdateSystem.cpp" />
		<Unit filename="source/Kantan-2/System/ParticleEffectUpdateSystem.hpp" />
		<Unit filename="source/Kantan-2/System/PolygonCollisionSystem.cpp" />
		<Unit filename="source/Kantan-2/System/PolygonCollisionSystem.hpp" />
		<Unit filename="source/Kantan-2/System/RectShapeRenderSystem.cpp" />
		<Unit filename="source/Kantan-2/System/RectShapeRenderSystem.hpp" />
		<Unit filename="source/Kantan-2/System/RotationSystem.cpp" />
		<Unit filename="source/Kantan-2/System/RotationSystem.hpp" />
		<Unit filename="source/Kantan-2/System/SpriteRenderSystem.cpp" />
		<Unit filename="source/Kantan-2/System/SpriteRenderSystem.hpp" />
		<Unit filename="source/Kantan-2/System/SynchronizeBatchedSpriteSystem.cpp" />
		<Unit filename="source/Kantan-2/System/SynchronizeBatchedSpriteSystem.hpp" />
		<Unit filename="source/Kantan-2/System/SynchronizeRectShapeSystem.cpp" />
		<Unit filename="source/Kantan-2/System/SynchronizeRectShapeSystem.hpp" />
		<Unit filename="source/Kantan-2/System/SynchronizeSpriteSystem.cpp" />
		<Unit filename="source/Kantan-2/System/SynchronizeSpriteSystem.hpp" />
		<Unit filename="source/Kantan-2/System/System.cpp" />
		<Unit filename="source/Kantan-2/System/System.hpp" />
		<Unit filename="source/Kantan-2/Utils/GraphicsUtils.hpp" />
		<Unit filename="source/Kantan-2/Utils/GraphicsUtils.inl" />
		<Unit filename="source/Kantan-2/Utils/MathUtils.cpp" />
		<Unit filename="source/Kantan-2/Utils/MathUtils.hpp" />
		<Unit filename="source/Kantan-2/Utils/StringUtils.cpp" />
		<Unit filename="source/Kantan-2/Utils/StringUtils.hpp" />
		<Unit filename="source/Kantan-2/Utils/StringUtils.inl" />
		<Unit filename="source/Kantan-2/kantan.hpp" />
		<Unit filename="source/LoginServer/LoginServer.cpp" />
		<Unit filename="source/LoginServer/LoginServer.hpp" />
		<Unit filename="source/MapLoader/MapLoader.cpp" />
		<Unit filename="source/MapLoader/MapLoader.hpp" />
		<Unit filename="source/MultithreadingOutput.hpp" />
		<Unit filename="source/NetworkValues.hpp" />
		<Unit filename="source/PlayerInput.hpp" />
		<Unit filename="source/RandomNumberGenerator/RandomNumberGenerator.cpp" />
		<Unit filename="source/RandomNumberGenerator/RandomNumberGenerator.hpp" />
		<Unit filename="source/ServerConfiguration.hpp" />
		<Unit filename="source/Server/Server.cpp" />
		<Unit filename="source/Server/Server.hpp" />
		<Unit filename="source/Systems/ClientInputSystem.cpp" />
		<Unit filename="source/Systems/ClientInputSystem.hpp" />
		<Unit filename="source/Systems/LevelUpSystem.cpp" />
		<Unit filename="source/Systems/LevelUpSystem.hpp" />
		<Unit filename="source/Utils/SFMLPacketUtils.cpp" />
		<Unit filename="source/Utils/SFMLPacketUtils.hpp" />
		<Unit filename="source/Utils/SFMLPacketUtils.inl" />
		<Unit filename="source/World/World.cpp" />
		<Unit filename="source/World/World.hpp" />
		<Unit filename="source/main.cpp" />
		<Unit filename="source/sqlite/sqlite3.c">
			<Option compilerVar="CC" />
		</Unit>
		<Unit filename="source/sqlite/sqlite3.h" />
		<Extensions>
			<code_completion />
			<envvars />
			<debugger />
		</Extensions>
	</Project>
</CodeBlocks_project_file>
